// !$*UTF8*$!
{
	archiveVersion = 1;
	classes = {
	};
	objectVersion = 77;
	objects = {

/* Begin PBXBuildFile section */
		CC4C5AAD2F572AE5007EB220 /* Secrets.xcconfig in Sources */ = {isa = PBXBuildFile; fileRef = CC4C5AAC2F572ADB007EB220 /* Secrets.xcconfig */; };
/* End PBXBuildFile section */

/* Begin PBXContainerItemProxy section */
		CC7B26932F5784A50007D366 /* PBXContainerItemProxy */ = {
			isa = PBXContainerItemProxy;
			containerPortal = CC4C5A912F572A04007EB220 /* Project object */;
			proxyType = 1;
			remoteGlobalIDString = CC4C5A982F572A04007EB220;
			remoteInfo = RepoLite;
		};
		CC7B26BD2F5785690007D366 /* PBXContainerItemProxy */ = {
			isa = PBXContainerItemProxy;
			containerPortal = CC4C5A912F572A04007EB220 /* Project object */;
			proxyType = 1;
			remoteGlobalIDString = CC4C5A982F572A04007EB220;
			remoteInfo = RepoLite;
		};
/* End PBXContainerItemProxy section */

/* Begin PBXFileReference section */
		CC4C5A992F572A04007EB220 /* RepoLite.app */ = {isa = PBXFileReference; explicitFileType = wrapper.application; includeInIndex = 0; path = RepoLite.app; sourceTree = BUILT_PRODUCTS_DIR; };
		CC4C5AAC2F572ADB007EB220 /* Secrets.xcconfig */ = {isa = PBXFileReference; lastKnownFileType = text.xcconfig; path = Secrets.xcconfig; sourceTree = "<group>"; };
		CC7B268F2F5784A50007D366 /* RepoLiteTests.xctest */ = {isa = PBXFileReference; explicitFileType = wrapper.cfbundle; includeInIndex = 0; path = RepoLiteTests.xctest; sourceTree = BUILT_PRODUCTS_DIR; };
		CC7B26B72F5785690007D366 /* RepoLiteUITests.xctest */ = {isa = PBXFileReference; explicitFileType = wrapper.cfbundle; includeInIndex = 0; path = RepoLiteUITests.xctest; sourceTree = BUILT_PRODUCTS_DIR; };
/* End PBXFileReference section */

/* Begin PBXFileSystemSynchronizedBuildFileExceptionSet section */
		CC4C5AAF2F572C25007EB220 /* Exceptions for "RepoLite" folder in "RepoLite" target */ = {
			isa = PBXFileSystemSynchronizedBuildFileExceptionSet;
			membershipExceptions = (
				Info.plist,
			);
			target = CC4C5A982F572A04007EB220 /* RepoLite */;
		};
/* End PBXFileSystemSynchronizedBuildFileExceptionSet section */

/* Begin PBXFileSystemSynchronizedRootGroup section */
		CC4C5A9B2F572A04007EB220 /* RepoLite */ = {
			isa = PBXFileSystemSynchronizedRootGroup;
			exceptions = (
				CC4C5AAF2F572C25007EB220 /* Exceptions for "RepoLite" folder in "RepoLite" target */,
			);
			path = RepoLite;
			sourceTree = "<group>";
		};
		CC7B26902F5784A50007D366 /* RepoLiteTests */ = {
			isa = PBXFileSystemSynchronizedRootGroup;
			path = RepoLiteTests;
			sourceTree = "<group>";
		};
		CC7B26B82F5785690007D366 /* RepoLiteUITests */ = {
			isa = PBXFileSystemSynchronizedRootGroup;
			path = RepoLiteUITests;
			sourceTree = "<group>";
		};
/* End PBXFileSystemSynchronizedRootGroup section */

/* Begin PBXFrameworksBuildPhase section */
		CC4C5A962F572A04007EB220 /* Frameworks */ = {
			isa = PBXFrameworksBuildPhase;
			buildActionMask = 2147483647;
			files = (
			);
			runOnlyForDeploymentPostprocessing = 0;
		};
		CC7B268C2F5784A50007D366 /* Frameworks */ = {
			isa = PBXFrameworksBuildPhase;
			buildActionMask = 2147483647;
			files = (
			);
			runOnlyForDeploymentPostprocessing = 0;
		};
		CC7B26B42F5785690007D366 /* Frameworks */ = {
			isa = PBXFrameworksBuildPhase;
			buildActionMask = 2147483647;
			files = (
			);
			runOnlyForDeploymentPostprocessing = 0;
		};
/* End PBXFrameworksBuildPhase section */

/* Begin PBXGroup section */
		CC4C5A902F572A04007EB220 = {
			isa = PBXGroup;
			children = (
				CC4C5AAC2F572ADB007EB220 /* Secrets.xcconfig */,
				CC4C5A9B2F572A04007EB220 /* RepoLite */,
				CC7B26902F5784A50007D366 /* RepoLiteTests */,
				CC7B26B82F5785690007D366 /* RepoLiteUITests */,
				CC4C5A9A2F572A04007EB220 /* Products */,
			);
			sourceTree = "<group>";
		};
		CC4C5A9A2F572A04007EB220 /* Products */ = {
			isa = PBXGroup;
			children = (
				CC4C5A992F572A04007EB220 /* RepoLite.app */,
				CC7B268F2F5784A50007D366 /* RepoLiteTests.xctest */,
				CC7B26B72F5785690007D366 /* RepoLiteUITests.xctest */,
			);
			name = Products;
			sourceTree = "<group>";
		};
/* End PBXGroup section */

/* Begin PBXNativeTarget section */
		CC4C5A982F572A04007EB220 /* RepoLite */ = {
			isa = PBXNativeTarget;
			buildConfigurationList = CC4C5AA72F572A05007EB220 /* Build configuration list for PBXNativeTarget "RepoLite" */;
			buildPhases = (
				CC4C5A952F572A04007EB220 /* Sources */,
				CC4C5A962F572A04007EB220 /* Frameworks */,
				CC4C5A972F572A04007EB220 /* Resources */,
			);
			buildRules = (
			);
			dependencies = (
			);
			fileSystemSynchronizedGroups = (
				CC4C5A9B2F572A04007EB220 /* RepoLite */,
			);
			name = RepoLite;
			packageProductDependencies = (
			);
			productName = RepoLite;
			productReference = CC4C5A992F572A04007EB220 /* RepoLite.app */;
			productType = "com.apple.product-type.application";
		};
		CC7B268E2F5784A50007D366 /* RepoLiteTests */ = {
			isa = PBXNativeTarget;
			buildConfigurationList = CC7B26952F5784A50007D366 /* Build configuration list for PBXNativeTarget "RepoLiteTests" */;
			buildPhases = (
				CC7B268B2F5784A50007D366 /* Sources */,
				CC7B268C2F5784A50007D366 /* Frameworks */,
				CC7B268D2F5784A50007D366 /* Resources */,
			);
			buildRules = (
			);
			dependencies = (
				CC7B26942F5784A50007D366 /* PBXTargetDependency */,
			);
			fileSystemSynchronizedGroups = (
				CC7B26902F5784A50007D366 /* RepoLiteTests */,
			);
			name = RepoLiteTests;
			packageProductDependencies = (
			);
			productName = RepoLiteTests;
			productReference = CC7B268F2F5784A50007D366 /* RepoLiteTests.xctest */;
			productType = "com.apple.product-type.bundle.unit-test";
		};
		CC7B26B62F5785690007D366 /* RepoLiteUITests */ = {
			isa = PBXNativeTarget;
			buildConfigurationList = CC7B26BF2F5785690007D366 /* Build configuration list for PBXNativeTarget "RepoLiteUITests" */;
			buildPhases = (
				CC7B26B32F5785690007D366 /* Sources */,
				CC7B26B42F5785690007D366 /* Frameworks */,
				CC7B26B52F5785690007D366 /* Resources */,
			);
			buildRules = (
			);
			dependencies = (
				CC7B26BE2F5785690007D366 /* PBXTargetDependency */,
			);
			fileSystemSynchronizedGroups = (
				CC7B26B82F5785690007D366 /* RepoLiteUITests */,
			);
			name = RepoLiteUITests;
			packageProductDependencies = (
			);
			productName = RepoLiteUITests;
			productReference = CC7B26B72F5785690007D366 /* RepoLiteUITests.xctest */;
			productType = "com.apple.product-type.bundle.ui-testing";
		};
/* End PBXNativeTarget section */

/* Begin PBXProject section */
		CC4C5A912F572A04007EB220 /* Project object */ = {
			isa = PBXProject;
			attributes = {
				BuildIndependentTargetsInParallel = 1;
				LastSwiftUpdateCheck = 1620;
				LastUpgradeCheck = 1620;
				TargetAttributes = {
					CC4C5A982F572A04007EB220 = {
						CreatedOnToolsVersion = 16.2;
					};
					CC7B268E2F5784A50007D366 = {
						CreatedOnToolsVersion = 16.2;
						TestTargetID = CC4C5A982F572A04007EB220;
					};
					CC7B26B62F5785690007D366 = {
						CreatedOnToolsVersion = 16.2;
						TestTargetID = CC4C5A982F572A04007EB220;
					};
				};
			};
			buildConfigurationList = CC4C5A942F572A04007EB220 /* Build configuration list for PBXProject "RepoLite" */;
			developmentRegion = en;
			hasScannedForEncodings = 0;
			knownRegions = (
				en,
				Base,
			);
			mainGroup = CC4C5A902F572A04007EB220;
			minimizedProjectReferenceProxies = 1;
			preferredProjectObjectVersion = 77;
			productRefGroup = CC4C5A9A2F572A04007EB220 /* Products */;
			projectDirPath = "";
			projectRoot = "";
			targets = (
				CC4C5A982F572A04007EB220 /* RepoLite */,
				CC7B268E2F5784A50007D366 /* RepoLiteTests */,
				CC7B26B62F5785690007D366 /* RepoLiteUITests */,
			);
		};
/* End PBXProject section */

/* Begin PBXResourcesBuildPhase section */
		CC4C5A972F572A04007EB220 /* Resources */ = {
			isa = PBXResourcesBuildPhase;
			buildActionMask = 2147483647;
			files = (
			);
			runOnlyForDeploymentPostprocessing = 0;
		};
		CC7B268D2F5784A50007D366 /* Resources */ = {
			isa = PBXResourcesBuildPhase;
			buildActionMask = 2147483647;
			files = (
			);
			runOnlyForDeploymentPostprocessing = 0;
		};
		CC7B26B52F5785690007D366 /* Resources */ = {
			isa = PBXResourcesBuildPhase;
			buildActionMask = 2147483647;
			files = (
			);
			runOnlyForDeploymentPostprocessing = 0;
		};
/* End PBXResourcesBuildPhase section */

/* Begin PBXSourcesBuildPhase section */
		CC4C5A952F572A04007EB220 /* Sources */ = {
			isa = PBXSourcesBuildPhase;
			buildActionMask = 2147483647;
			files = (
				CC4C5AAD2F572AE5007EB220 /* Secrets.xcconfig in Sources */,
			);
			runOnlyForDeploymentPostprocessing = 0;
		};
		CC7B268B2F5784A50007D366 /* Sources */ = {
			isa = PBXSourcesBuildPhase;
			buildActionMask = 2147483647;
			files = (
			);
			runOnlyForDeploymentPostprocessing = 0;
		};
		CC7B26B32F5785690007D366 /* Sources */ = {
			isa = PBXSourcesBuildPhase;
			buildActionMask = 2147483647;
			files = (
			);
			runOnlyForDeploymentPostprocessing = 0;
		};
/* End PBXSourcesBuildPhase section */

/* Begin PBXTargetDependency section */
		CC7B26942F5784A50007D366 /* PBXTargetDependency */ = {
			isa = PBXTargetDependency;
			target = CC4C5A982F572A04007EB220 /* RepoLite */;
			targetProxy = CC7B26932F5784A50007D366 /* PBXContainerItemProxy */;
		};
		CC7B26BE2F5785690007D366 /* PBXTargetDependency */ = {
			isa = PBXTargetDependency;
			target = CC4C5A982F572A04007EB220 /* RepoLite */;
			targetProxy = CC7B26BD2F5785690007D366 /* PBXContainerItemProxy */;
		};
/* End PBXTargetDependency section */

/* Begin XCBuildConfiguration section */
		CC4C5AA52F572A05007EB220 /* Debug */ = {
			isa = XCBuildConfiguration;
			baseConfigurationReference = CC4C5AAC2F572ADB007EB220 /* Secrets.xcconfig */;
			buildSettings = {
				ALWAYS_SEARCH_USER_PATHS = NO;
				ASSETCATALOG_COMPILER_GENERATE_SWIFT_ASSET_SYMBOL_EXTENSIONS = YES;
				CLANG_ANALYZER_NONNULL = YES;
				CLANG_ANALYZER_NUMBER_OBJECT_CONVERSION = YES_AGGRESSIVE;
				CLANG_CXX_LANGUAGE_STANDARD = "gnu++20";
				CLANG_ENABLE_MODULES = YES;
				CLANG_ENABLE_OBJC_ARC = YES;
				CLANG_ENABLE_OBJC_WEAK = YES;
				CLANG_WARN_BLOCK_CAPTURE_AUTORELEASING = YES;
				CLANG_WARN_BOOL_CONVERSION = YES;
				CLANG_WARN_COMMA = YES;
				CLANG_WARN_CONSTANT_CONVERSION = YES;
				CLANG_WARN_DEPRECATED_OBJC_IMPLEMENTATIONS = YES;
				CLANG_WARN_DIRECT_OBJC_ISA_USAGE = YES_ERROR;
				CLANG_WARN_DOCUMENTATION_COMMENTS = YES;
				CLANG_WARN_EMPTY_BODY = YES;
				CLANG_WARN_ENUM_CONVERSION = YES;
				CLANG_WARN_INFINITE_RECURSION = YES;
				CLANG_WARN_INT_CONVERSION = YES;
				CLANG_WARN_NON_LITERAL_NULL_CONVERSION = YES;
				CLANG_WARN_OBJC_IMPLICIT_RETAIN_SELF = YES;
				CLANG_WARN_OBJC_LITERAL_CONVERSION = YES;
				CLANG_WARN_OBJC_ROOT_CLASS = YES_ERROR;
				CLANG_WARN_QUOTED_INCLUDE_IN_FRAMEWORK_HEADER = YES;
				CLANG_WARN_RANGE_LOOP_ANALYSIS = YES;
				CLANG_WARN_STRICT_PROTOTYPES = YES;
				CLANG_WARN_SUSPICIOUS_MOVE = YES;
				CLANG_WARN_UNGUARDED_AVAILABILITY = YES_AGGRESSIVE;
				CLANG_WARN_UNREACHABLE_CODE = YES;
				CLANG_WARN__DUPLICATE_METHOD_MATCH = YES;
				COPY_PHASE_STRIP = NO;
				DEBUG_INFORMATION_FORMAT = dwarf;
				ENABLE_STRICT_OBJC_MSGSEND = YES;
				ENABLE_TESTABILITY = YES;
				ENABLE_USER_SCRIPT_SANDBOXING = YES;
				GCC_C_LANGUAGE_STANDARD = gnu17;
				GCC_DYNAMIC_NO_PIC = NO;
				GCC_NO_COMMON_BLOCKS = YES;
				GCC_OPTIMIZATION_LEVEL = 0;
				GCC_PREPROCESSOR_DEFINITIONS = (
					"DEBUG=1",
					"$(inherited)",
				);
				GCC_WARN_64_TO_32_BIT_CONVERSION = YES;
				GCC_WARN_ABOUT_RETURN_TYPE = YES_ERROR;
				GCC_WARN_UNDECLARED_SELECTOR = YES;
				GCC_WARN_UNINITIALIZED_AUTOS = YES_AGGRESSIVE;
				GCC_WARN_UNUSED_FUNCTION = YES;
				GCC_WARN_UNUSED_VARIABLE = YES;
				IPHONEOS_DEPLOYMENT_TARGET = 18.2;
				LOCALIZATION_PREFERS_STRING_CATALOGS = YES;
				MTL_ENABLE_DEBUG_INFO = INCLUDE_SOURCE;
				MTL_FAST_MATH = YES;
				ONLY_ACTIVE_ARCH = YES;
				SDKROOT = iphoneos;
				SWIFT_ACTIVE_COMPILATION_CONDITIONS = "DEBUG $(inherited)";
				SWIFT_OPTIMIZATION_LEVEL = "-Onone";
			};
			name = Debug;
		};
		CC4C5AA62F572A05007EB220 /* Release */ = {
			isa = XCBuildConfiguration;
			baseConfigurationReference = CC4C5AAC2F572ADB007EB220 /* Secrets.xcconfig */;
			buildSettings = {
				ALWAYS_SEARCH_USER_PATHS = NO;
				ASSETCATALOG_COMPILER_GENERATE_SWIFT_ASSET_SYMBOL_EXTENSIONS = YES;
				CLANG_ANALYZER_NONNULL = YES;
				CLANG_ANALYZER_NUMBER_OBJECT_CONVERSION = YES_AGGRESSIVE;
				CLANG_CXX_LANGUAGE_STANDARD = "gnu++20";
				CLANG_ENABLE_MODULES = YES;
				CLANG_ENABLE_OBJC_ARC = YES;
				CLANG_ENABLE_OBJC_WEAK = YES;
				CLANG_WARN_BLOCK_CAPTURE_AUTORELEASING = YES;
				CLANG_WARN_BOOL_CONVERSION = YES;
				CLANG_WARN_COMMA = YES;
				CLANG_WARN_CONSTANT_CONVERSION = YES;
				CLANG_WARN_DEPRECATED_OBJC_IMPLEMENTATIONS = YES;
				CLANG_WARN_DIRECT_OBJC_ISA_USAGE = YES_ERROR;
				CLANG_WARN_DOCUMENTATION_COMMENTS = YES;
				CLANG_WARN_EMPTY_BODY = YES;
				CLANG_WARN_ENUM_CONVERSION = YES;
				CLANG_WARN_INFINITE_RECURSION = YES;
				CLANG_WARN_INT_CONVERSION = YES;
				CLANG_WARN_NON_LITERAL_NULL_CONVERSION = YES;
				CLANG_WARN_OBJC_IMPLICIT_RETAIN_SELF = YES;
				CLANG_WARN_OBJC_LITERAL_CONVERSION = YES;
				CLANG_WARN_OBJC_ROOT_CLASS = YES_ERROR;
				CLANG_WARN_QUOTED_INCLUDE_IN_FRAMEWORK_HEADER = YES;
				CLANG_WARN_RANGE_LOOP_ANALYSIS = YES;
				CLANG_WARN_STRICT_PROTOTYPES = YES;
				CLANG_WARN_SUSPICIOUS_MOVE = YES;
				CLANG_WARN_UNGUARDED_AVAILABILITY = YES_AGGRESSIVE;
				CLANG_WARN_UNREACHABLE_CODE = YES;
				CLANG_WARN__DUPLICATE_METHOD_MATCH = YES;
				COPY_PHASE_STRIP = NO;
				DEBUG_INFORMATION_FORMAT = "dwarf-with-dsym";
				ENABLE_NS_ASSERTIONS = NO;
				ENABLE_STRICT_OBJC_MSGSEND = YES;
				ENABLE_USER_SCRIPT_SANDBOXING = YES;
				GCC_C_LANGUAGE_STANDARD = gnu17;
				GCC_NO_COMMON_BLOCKS = YES;
				GCC_WARN_64_TO_32_BIT_CONVERSION = YES;
				GCC_WARN_ABOUT_RETURN_TYPE = YES_ERROR;
				GCC_WARN_UNDECLARED_SELECTOR = YES;
				GCC_WARN_UNINITIALIZED_AUTOS = YES_AGGRESSIVE;
				GCC_WARN_UNUSED_FUNCTION = YES;
				GCC_WARN_UNUSED_VARIABLE = YES;
				IPHONEOS_DEPLOYMENT_TARGET = 18.2;
				LOCALIZATION_PREFERS_STRING_CATALOGS = YES;
				MTL_ENABLE_DEBUG_INFO = NO;
				MTL_FAST_MATH = YES;
				SDKROOT = iphoneos;
				SWIFT_COMPILATION_MODE = wholemodule;
				VALIDATE_PRODUCT = YES;
			};
			name = Release;
		};
		CC4C5AA82F572A05007EB220 /* Debug */ = {
			isa = XCBuildConfiguration;
			baseConfigurationReference = CC4C5AAC2F572ADB007EB220 /* Secrets.xcconfig */;
			buildSettings = {
				ASSETCATALOG_COMPILER_APPICON_NAME = AppIcon;
				ASSETCATALOG_COMPILER_GLOBAL_ACCENT_COLOR_NAME = AccentColor;
				CODE_SIGN_STYLE = Automatic;
				CURRENT_PROJECT_VERSION = 1;
				DEVELOPMENT_ASSET_PATHS = "\"RepoLite/Preview Content\"";
				ENABLE_PREVIEWS = YES;
				GENERATE_INFOPLIST_FILE = YES;
				INFOPLIST_FILE = RepoLite/Info.plist;
				INFOPLIST_KEY_LSApplicationCategoryType = "";
				INFOPLIST_KEY_UIApplicationSceneManifest_Generation = YES;
				INFOPLIST_KEY_UIApplicationSupportsIndirectInputEvents = YES;
				INFOPLIST_KEY_UILaunchScreen_Generation = YES;
				INFOPLIST_KEY_UISupportedInterfaceOrientations_iPad = "UIInterfaceOrientationPortrait UIInterfaceOrientationPortraitUpsideDown UIInterfaceOrientationLandscapeLeft UIInterfaceOrientationLandscapeRight";
				INFOPLIST_KEY_UISupportedInterfaceOrientations_iPhone = "UIInterfaceOrientationPortrait UIInterfaceOrientationLandscapeLeft UIInterfaceOrientationLandscapeRight";
				LD_RUNPATH_SEARCH_PATHS = (
					"$(inherited)",
					"@executable_path/Frameworks",
				);
				MARKETING_VERSION = 1.0;
				PRODUCT_BUNDLE_IDENTIFIER = Test.RepoLite;
				PRODUCT_NAME = "$(TARGET_NAME)";
				SWIFT_EMIT_LOC_STRINGS = YES;
				SWIFT_VERSION = 5.0;
				TARGETED_DEVICE_FAMILY = "1,2";
			};
			name = Debug;
		};
		CC4C5AA92F572A05007EB220 /* Release */ = {
			isa = XCBuildConfiguration;
			baseConfigurationReference = CC4C5AAC2F572ADB007EB220 /* Secrets.xcconfig */;
			buildSettings = {
				ASSETCATALOG_COMPILER_APPICON_NAME = AppIcon;
				ASSETCATALOG_COMPILER_GLOBAL_ACCENT_COLOR_NAME = AccentColor;
				CODE_SIGN_STYLE = Automatic;
				CURRENT_PROJECT_VERSION = 1;
				DEVELOPMENT_ASSET_PATHS = "\"RepoLite/Preview Content\"";
				ENABLE_PREVIEWS = YES;
				GENERATE_INFOPLIST_FILE = YES;
				INFOPLIST_FILE = RepoLite/Info.plist;
				INFOPLIST_KEY_LSApplicationCategoryType = "";
				INFOPLIST_KEY_UIApplicationSceneManifest_Generation = YES;
				INFOPLIST_KEY_UIApplicationSupportsIndirectInputEvents = YES;
				INFOPLIST_KEY_UILaunchScreen_Generation = YES;
				INFOPLIST_KEY_UISupportedInterfaceOrientations_iPad = "UIInterfaceOrientationPortrait UIInterfaceOrientationPortraitUpsideDown UIInterfaceOrientationLandscapeLeft UIInterfaceOrientationLandscapeRight";
				INFOPLIST_KEY_UISupportedInterfaceOrientations_iPhone = "UIInterfaceOrientationPortrait UIInterfaceOrientationLandscapeLeft UIInterfaceOrientationLandscapeRight";
				LD_RUNPATH_SEARCH_PATHS = (
					"$(inherited)",
					"@executable_path/Frameworks",
				);
				MARKETING_VERSION = 1.0;
				PRODUCT_BUNDLE_IDENTIFIER = Test.RepoLite;
				PRODUCT_NAME = "$(TARGET_NAME)";
				SWIFT_EMIT_LOC_STRINGS = YES;
				SWIFT_VERSION = 5.0;
				TARGETED_DEVICE_FAMILY = "1,2";
			};
			name = Release;
		};
		CC7B26962F5784A50007D366 /* Debug */ = {
			isa = XCBuildConfiguration;
			buildSettings = {
				BUNDLE_LOADER = "$(TEST_HOST)";
				CODE_SIGN_STYLE = Automatic;
				CURRENT_PROJECT_VERSION = 1;
				GENERATE_INFOPLIST_FILE = YES;
				MARKETING_VERSION = 1.0;
				PRODUCT_BUNDLE_IDENTIFIER = Test.RepoLiteTests;
				PRODUCT_NAME = "$(TARGET_NAME)";
				SWIFT_EMIT_LOC_STRINGS = NO;
				SWIFT_VERSION = 5.0;
				TARGETED_DEVICE_FAMILY = "1,2";
				TEST_HOST = "$(BUILT_PRODUCTS_DIR)/RepoLite.app/$(BUNDLE_EXECUTABLE_FOLDER_PATH)/RepoLite";
			};
			name = Debug;
		};
		CC7B26972F5784A50007D366 /* Release */ = {
			isa = XCBuildConfiguration;
			buildSettings = {
				BUNDLE_LOADER = "$(TEST_HOST)";
				CODE_SIGN_STYLE = Automatic;
				CURRENT_PROJECT_VERSION = 1;
				GENERATE_INFOPLIST_FILE = YES;
				MARKETING_VERSION = 1.0;
				PRODUCT_BUNDLE_IDENTIFIER = Test.RepoLiteTests;
				PRODUCT_NAME = "$(TARGET_NAME)";
				SWIFT_EMIT_LOC_STRINGS = NO;
				SWIFT_VERSION = 5.0;
				TARGETED_DEVICE_FAMILY = "1,2";
				TEST_HOST = "$(BUILT_PRODUCTS_DIR)/RepoLite.app/$(BUNDLE_EXECUTABLE_FOLDER_PATH)/RepoLite";
			};
			name = Release;
		};
		CC7B26C02F5785690007D366 /* Debug */ = {
			isa = XCBuildConfiguration;
			buildSettings = {
				CODE_SIGN_STYLE = Automatic;
				CURRENT_PROJECT_VERSION = 1;
				GENERATE_INFOPLIST_FILE = YES;
				MARKETING_VERSION = 1.0;
				PRODUCT_BUNDLE_IDENTIFIER = Test.RepoLiteUITests;
				PRODUCT_NAME = "$(TARGET_NAME)";
				SWIFT_EMIT_LOC_STRINGS = NO;
				SWIFT_VERSION = 5.0;
				TARGETED_DEVICE_FAMILY = "1,2";
				TEST_TARGET_NAME = RepoLite;
			};
			name = Debug;
		};
		CC7B26C12F5785690007D366 /* Release */ = {
			isa = XCBuildConfiguration;
			buildSettings = {
				CODE_SIGN_STYLE = Automatic;
				CURRENT_PROJECT_VERSION = 1;
				GENERATE_INFOPLIST_FILE = YES;
				MARKETING_VERSION = 1.0;
				PRODUCT_BUNDLE_IDENTIFIER = Test.RepoLiteUITests;
				PRODUCT_NAME = "$(TARGET_NAME)";
				SWIFT_EMIT_LOC_STRINGS = NO;
				SWIFT_VERSION = 5.0;
				TARGETED_DEVICE_FAMILY = "1,2";
				TEST_TARGET_NAME = RepoLite;
			};
			name = Release;
		};
/* End XCBuildConfiguration section */

/* Begin XCConfigurationList section */
		CC4C5A942F572A04007EB220 /* Build configuration list for PBXProject "RepoLite" */ = {
			isa = XCConfigurationList;
			buildConfigurations = (
				CC4C5AA52F572A05007EB220 /* Debug */,
				CC4C5AA62F572A05007EB220 /* Release */,
			);
			defaultConfigurationIsVisible = 0;
			defaultConfigurationName = Release;
		};
		CC4C5AA72F572A05007EB220 /* Build configuration list for PBXNativeTarget "RepoLite" */ = {
			isa = XCConfigurationList;
			buildConfigurations = (
				CC4C5AA82F572A05007EB220 /* Debug */,
				CC4C5AA92F572A05007EB220 /* Release */,
			);
			defaultConfigurationIsVisible = 0;
			defaultConfigurationName = Release;
		};
		CC7B26952F5784A50007D366 /* Build configuration list for PBXNativeTarget "RepoLiteTests" */ = {
			isa = XCConfigurationList;
			buildConfigurations = (
				CC7B26962F5784A50007D366 /* Debug */,
				CC7B26972F5784A50007D366 /* Release */,
			);
			defaultConfigurationIsVisible = 0;
			defaultConfigurationName = Release;
		};
		CC7B26BF2F5785690007D366 /* Build configuration list for PBXNativeTarget "RepoLiteUITests" */ = {
			isa = XCConfigurationList;
			buildConfigurations = (
				CC7B26C02F5785690007D366 /* Debug */,
				CC7B26C12F5785690007D366 /* Release */,
			);
			defaultConfigurationIsVisible = 0;
			defaultConfigurationName = Release;
		};
/* End XCConfigurationList section */
	};
	rootObject = CC4C5A912F572A04007EB220 /* Project object */;
}
